
Microsoft Visual Studio Solution File, Format Version 12.00
# Visual Studio Version 17
VisualStudioVersion = 17.11.35327.3
MinimumVisualStudioVersion = 10.0.40219.1
Project("{FAE04EC0-301F-11D3-BF4B-00C04F79EFBC}") = "udemy_practica1", "udemy_practica1\udemy_practica1.csproj", "{686D65F2-E44B-40AB-8031-0999D8F185FB}"
EndProject
Global
	GlobalSection(SolutionConfigurationPlatforms) = preSolution
		Debug|Any CPU = Debug|Any CPU
		Release|Any CPU = Release|Any CPU
	EndGlobalSection
	GlobalSection(ProjectConfigurationPlatforms) = postSolution
		{686D65F2-E44B-40AB-8031-0999D8F185FB}.Debug|Any CPU.ActiveCfg = Debug|Any CPU
		{686D65F2-E44B-40AB-8031-0999D8F185FB}.Debug|Any CPU.Build.0 = Debug|Any CPU
		{686D65F2-E44B-40AB-8031-0999D8F185FB}.Release|Any CPU.ActiveCfg = Release|Any CPU
		{686D65F2-E44B-40AB-8031-0999D8F185FB}.Release|Any CPU.Build.0 = Release|Any CPU
	EndGlobalSection
	GlobalSection(SolutionProperties) = preSolution
		HideSolutionNode = FALSE
	EndGlobalSection
	GlobalSection(ExtensibilityGlobals) = postSolution
		SolutionGuid = {53C99D40-32B4-4B83-B627-82CEA19F7CE4}
	EndGlobalSection
EndGlobal
